<?xml version="1.0" encoding="utf-8"?>
<Project ToolsVersion="4.0" xmlns="http://schemas.microsoft.com/developer/msbuild/2003">
  <ItemGroup>
    <ClCompile Include="mod.cpp" />
    <ClCompile Include="..\QuickBackupX\backup.cpp">
      <Filter>QBX</Filter>
    </ClCompile>
    <ClCompile Include="..\QuickBackupX\config.cpp">
      <Filter>QBX</Filter>
    </ClCompile>
    <ClCompile Include="..\QuickBackupX\func.cpp">
      <Filter>QBX</Filter>
    </ClCompile>
    <ClCompile Include="..\QuickBackupX\logger.cpp">
      <Filter>QBX</Filter>
    </ClCompile>
    <ClCompile Include="..\QuickBackupX\md5.cpp">
      <Filter>QBX</Filter>
    </ClCompile>
    <ClCompile Include="..\QuickBackupX\pch.cpp">
      <Filter>QBX</Filter>
    </ClCompile>
    <ClCompile Include="..\QuickBackupX\json\json_value.cpp">
      <Filter>QBX\JsonCPP</Filter>
    </ClCompile>
    <ClCompile Include="..\QuickBackupX\json\json_writer.cpp">
      <Filter>QBX\JsonCPP</Filter>
    </ClCompile>
    <ClCompile Include="..\QuickBackupX\properties.cpp">
      <Filter>QBX</Filter>
    </ClCompile>
    <ClCompile Include="..\QuickBackupX\json\json_reader.cpp">
      <Filter>QBX\JsonCPP</Filter>
    </ClCompile>
    <ClCompile Include="..\QuickBackupX\file.cpp">
      <Filter>QBX</Filter>
    </ClCompile>
    <ClCompile Include="..\QuickBackupX\autobackup.cpp">
      <Filter>QBX</Filter>
    </ClCompile>
    <ClCompile Include="..\QuickBackupX\qbzip.cpp">
      <Filter>QBX</Filter>
    </ClCompile>
    <ClCompile Include="..\QuickBackupX\record.cpp">
      <Filter>QBX</Filter>
    </ClCompile>
    <ClCompile Include="..\QuickBackupX\sqlite.cpp">
      <Filter>QBX</Filter>
    </ClCompile>
  </ItemGroup>
  <ItemGroup>
    <Filter Include="QBX">
      <UniqueIdentifier>{a9d4a80a-2edf-479b-88be-468c5cc26c4c}</UniqueIdentifier>
    </Filter>
    <Filter Include="QBX\JsonCPP">
      <UniqueIdentifier>{bcf0164c-fe07-4468-9827-d00eb2360ffb}</UniqueIdentifier>
    </Filter>
    <Filter Include="QBX\SQLite3">
      <UniqueIdentifier>{83c6ee52-4f90-44bc-81a8-476634f55cff}</UniqueIdentifier>
    </Filter>
  </ItemGroup>
  <ItemGroup>
    <Library Include="..\QuickBackupX\lib\chakra.lib" />
    <Library Include="llsdk\LLRegCMD.lib">
      <Filter>QBX</Filter>
    </Library>
    <Library Include="..\QuickBackupX\lib\sqlite3.lib" />
  </ItemGroup>
  <ItemGroup>
    <ClInclude Include="..\QuickBackupX\bds.hpp">
      <Filter>QBX</Filter>
    </ClInclude>
    <ClInclude Include="..\QuickBackupX\json\json.h">
      <Filter>QBX\JsonCPP</Filter>
    </ClInclude>
    <ClInclude Include="..\QuickBackupX\autobackup.h">
      <Filter>QBX</Filter>
    </ClInclude>
    <ClInclude Include="..\QuickBackupX\backup.h">
      <Filter>QBX</Filter>
    </ClInclude>
    <ClInclude Include="..\QuickBackupX\config.h">
      <Filter>QBX</Filter>
    </ClInclude>
    <ClInclude Include="..\QuickBackupX\file.h">
      <Filter>QBX</Filter>
    </ClInclude>
    <ClInclude Include="..\QuickBackupX\func.h">
      <Filter>QBX</Filter>
    </ClInclude>
    <ClInclude Include="..\QuickBackupX\logger.h">
      <Filter>QBX</Filter>
    </ClInclude>
    <ClInclude Include="..\QuickBackupX\md5.h">
      <Filter>QBX</Filter>
    </ClInclude>
    <ClInclude Include="..\QuickBackupX\pch.h">
      <Filter>QBX</Filter>
    </ClInclude>
    <ClInclude Include="..\QuickBackupX\properties.h">
      <Filter>QBX</Filter>
    </ClInclude>
    <ClInclude Include="..\QuickBackupX\qbzip.h">
      <Filter>QBX</Filter>
    </ClInclude>
    <ClInclude Include="resource.h" />
    <ClInclude Include="..\QuickBackupX\record.h">
      <Filter>QBX</Filter>
    </ClInclude>
    <ClInclude Include="..\QuickBackupX\sqlite.h">
      <Filter>QBX</Filter>
    </ClInclude>
    <ClInclude Include="..\QuickBackupX\sqlite3\sqlite3.h">
      <Filter>QBX\SQLite3</Filter>
    </ClInclude>
    <ClInclude Include="..\QuickBackupX\sqlite3\sqlite3ext.h">
      <Filter>QBX\SQLite3</Filter>
    </ClInclude>
  </ItemGroup>
  <ItemGroup>
    <None Include="..\QuickBackupX\json\json_valueiterator.inl">
      <Filter>QBX\JsonCPP</Filter>
    </None>
  </ItemGroup>
  <ItemGroup>
    <ResourceCompile Include="Resource.rc" />
  </ItemGroup>
</Project>